
Microsoft Visual Studio Solution File, Format Version 12.00
# Visual Studio Version 16
VisualStudioVersion = 16.0.30128.74
MinimumVisualStudioVersion = 10.0.40219.1
Project("{FAE04EC0-301F-11D3-BF4B-00C04F79EFBC}") = "ARValort.UWP", "ARValort\ARValort.UWP\ARValort.UWP.csproj", "{88664D8C-641A-42A5-B742-090F75338248}"
EndProject
Project("{FAE04EC0-301F-11D3-BF4B-00C04F79EFBC}") = "ARValort.Android", "ARValort\ARValort.Android\ARValort.Android.csproj", "{707DCC92-D718-4030-B900-FCF3920D057D}"
EndProject
Project("{FAE04EC0-301F-11D3-BF4B-00C04F79EFBC}") = "ARValort.iOS", "ARValort\ARValort.iOS\ARValort.iOS.csproj", "{7B9D6E71-E853-47DF-9B69-1DEFE5C2E433}"
EndProject
Project("{FAE04EC0-301F-11D3-BF4B-00C04F79EFBC}") = "ARValort", "ARValort\ARValort\ARValort.csproj", "{1962F2AF-9638-476B-96D6-499D893F44CA}"
EndProject
Global
	GlobalSection(SolutionConfigurationPlatforms) = preSolution
		Debug|Any CPU = Debug|Any CPU
		Debug|ARM = Debug|ARM
		Debug|iPhone = Debug|iPhone
		Debug|iPhoneSimulator = Debug|iPhoneSimulator
		Debug|x64 = Debug|x64
		Debug|x86 = Debug|x86
		Release|Any CPU = Release|Any CPU
		Release|ARM = Release|ARM
		Release|iPhone = Release|iPhone
		Release|iPhoneSimulator = Release|iPhoneSimulator
		Release|x64 = Release|x64
		Release|x86 = Release|x86
	EndGlobalSection
	GlobalSection(ProjectConfigurationPlatforms) = postSolution
		{88664D8C-641A-42A5-B742-090F75338248}.Debug|Any CPU.ActiveCfg = Debug|x86
		{88664D8C-641A-42A5-B742-090F75338248}.Debug|Any CPU.Build.0 = Debug|x86
		{88664D8C-641A-42A5-B742-090F75338248}.Debug|Any CPU.Deploy.0 = Debug|x86
		{88664D8C-641A-42A5-B742-090F75338248}.Debug|ARM.ActiveCfg = Debug|ARM
		{88664D8C-641A-42A5-B742-090F75338248}.Debug|ARM.Build.0 = Debug|ARM
		{88664D8C-641A-42A5-B742-090F75338248}.Debug|ARM.Deploy.0 = Debug|ARM
		{88664D8C-641A-42A5-B742-090F75338248}.Debug|iPhone.ActiveCfg = Debug|x86
		{88664D8C-641A-42A5-B742-090F75338248}.Debug|iPhone.Build.0 = Debug|x86
		{88664D8C-641A-42A5-B742-090F75338248}.Debug|iPhone.Deploy.0 = Debug|x86
		{88664D8C-641A-42A5-B742-090F75338248}.Debug|iPhoneSimulator.ActiveCfg = Debug|x86
		{88664D8C-641A-42A5-B742-090F75338248}.Debug|iPhoneSimulator.Build.0 = Debug|x86
		{88664D8C-641A-42A5-B742-090F75338248}.Debug|iPhoneSimulator.Deploy.0 = Debug|x86
		{88664D8C-641A-42A5-B742-090F75338248}.Debug|x64.ActiveCfg = Debug|x64
		{88664D8C-641A-42A5-B742-090F75338248}.Debug|x64.Build.0 = Debug|x64
		{88664D8C-641A-42A5-B742-090F75338248}.Debug|x64.Deploy.0 = Debug|x64
		{88664D8C-641A-42A5-B742-090F75338248}.Debug|x86.ActiveCfg = Debug|x86
		{88664D8C-641A-42A5-B742-090F75338248}.Debug|x86.Build.0 = Debug|x86
		{88664D8C-641A-42A5-B742-090F75338248}.Debug|x86.Deploy.0 = Debug|x86
		{88664D8C-641A-42A5-B742-090F75338248}.Release|Any CPU.ActiveCfg = Release|x86
		{88664D8C-641A-42A5-B742-090F75338248}.Release|Any CPU.Build.0 = Release|x86
		{88664D8C-641A-42A5-B742-090F75338248}.Release|Any CPU.Deploy.0 = Release|x86
		{88664D8C-641A-42A5-B742-090F75338248}.Release|ARM.ActiveCfg = Release|ARM
		{88664D8C-641A-42A5-B742-090F75338248}.Release|ARM.Build.0 = Release|ARM
		{88664D8C-641A-42A5-B742-090F75338248}.Release|ARM.Deploy.0 = Release|ARM
		{88664D8C-641A-42A5-B742-090F75338248}.Release|iPhone.ActiveCfg = Release|x86
		{88664D8C-641A-42A5-B742-090F75338248}.Release|iPhone.Build.0 = Release|x86
		{88664D8C-641A-42A5-B742-090F75338248}.Release|iPhone.Deploy.0 = Release|x86
		{88664D8C-641A-42A5-B742-090F75338248}.Release|iPhoneSimulator.ActiveCfg = Release|x86
		{88664D8C-641A-42A5-B742-090F75338248}.Release|iPhoneSimulator.Build.0 = Release|x86
		{88664D8C-641A-42A5-B742-090F75338248}.Release|iPhoneSimulator.Deploy.0 = Release|x86
		{88664D8C-641A-42A5-B742-090F75338248}.Release|x64.ActiveCfg = Release|x64
		{88664D8C-641A-42A5-B742-090F75338248}.Release|x64.Build.0 = Release|x64
		{88664D8C-641A-42A5-B742-090F75338248}.Release|x64.Deploy.0 = Release|x64
		{88664D8C-641A-42A5-B742-090F75338248}.Release|x86.ActiveCfg = Release|x86
		{88664D8C-641A-42A5-B742-090F75338248}.Release|x86.Build.0 = Release|x86
		{88664D8C-641A-42A5-B742-090F75338248}.Release|x86.Deploy.0 = Release|x86
		{707DCC92-D718-4030-B900-FCF3920D057D}.Debug|Any CPU.ActiveCfg = Debug|Any CPU
		{707DCC92-D718-4030-B900-FCF3920D057D}.Debug|Any CPU.Build.0 = Debug|Any CPU
		{707DCC92-D718-4030-B900-FCF3920D057D}.Debug|Any CPU.Deploy.0 = Debug|Any CPU
		{707DCC92-D718-4030-B900-FCF3920D057D}.Debug|ARM.ActiveCfg = Debug|Any CPU
		{707DCC92-D718-4030-B900-FCF3920D057D}.Debug|ARM.Build.0 = Debug|Any CPU
		{707DCC92-D718-4030-B900-FCF3920D057D}.Debug|ARM.Deploy.0 = Debug|Any CPU
		{707DCC92-D718-4030-B900-FCF3920D057D}.Debug|iPhone.ActiveCfg = Debug|Any CPU
		{707DCC92-D718-4030-B900-FCF3920D057D}.Debug|iPhone.Build.0 = Debug|Any CPU
		{707DCC92-D718-4030-B900-FCF3920D057D}.Debug|iPhone.Deploy.0 = Debug|Any CPU
		{707DCC92-D718-4030-B900-FCF3920D057D}.Debug|iPhoneSimulator.ActiveCfg = Debug|Any CPU
		{707DCC92-D718-4030-B900-FCF3920D057D}.Debug|iPhoneSimulator.Build.0 = Debug|Any CPU
		{707DCC92-D718-4030-B900-FCF3920D057D}.Debug|iPhoneSimulator.Deploy.0 = Debug|Any CPU
		{707DCC92-D718-4030-B900-FCF3920D057D}.Debug|x64.ActiveCfg = Debug|Any CPU
		{707DCC92-D718-4030-B900-FCF3920D057D}.Debug|x64.Build.0 = Debug|Any CPU
		{707DCC92-D718-4030-B900-FCF3920D057D}.Debug|x64.Deploy.0 = Debug|Any CPU
		{707DCC92-D718-4030-B900-FCF3920D057D}.Debug|x86.ActiveCfg = Debug|Any CPU
		{707DCC92-D718-4030-B900-FCF3920D057D}.Debug|x86.Build.0 = Debug|Any CPU
		{707DCC92-D718-4030-B900-FCF3920D057D}.Debug|x86.Deploy.0 = Debug|Any CPU
		{707DCC92-D718-4030-B900-FCF3920D057D}.Release|Any CPU.ActiveCfg = Release|Any CPU
		{707DCC92-D718-4030-B900-FCF3920D057D}.Release|Any CPU.Build.0 = Release|Any CPU
		{707DCC92-D718-4030-B900-FCF3920D057D}.Release|Any CPU.Deploy.0 = Release|Any CPU
		{707DCC92-D718-4030-B900-FCF3920D057D}.Release|ARM.ActiveCfg = Release|Any CPU
		{707DCC92-D718-4030-B900-FCF3920D057D}.Release|ARM.Build.0 = Release|Any CPU
		{707DCC92-D718-4030-B900-FCF3920D057D}.Release|ARM.Deploy.0 = Release|Any CPU
		{707DCC92-D718-4030-B900-FCF3920D057D}.Release|iPhone.ActiveCfg = Release|Any CPU
		{707DCC92-D718-4030-B900-FCF3920D057D}.Release|iPhone.Build.0 = Release|Any CPU
		{707DCC92-D718-4030-B900-FCF3920D057D}.Release|iPhone.Deploy.0 = Release|Any CPU
		{707DCC92-D718-4030-B900-FCF3920D057D}.Release|iPhoneSimulator.ActiveCfg = Release|Any CPU
		{707DCC92-D718-4030-B900-FCF3920D057D}.Release|iPhoneSimulator.Build.0 = Release|Any CPU
		{707DCC92-D718-4030-B900-FCF3920D057D}.Release|iPhoneSimulator.Deploy.0 = Release|Any CPU
		{707DCC92-D718-4030-B900-FCF3920D057D}.Release|x64.ActiveCfg = Release|Any CPU
		{707DCC92-D718-4030-B900-FCF3920D057D}.Release|x64.Build.0 = Release|Any CPU
		{707DCC92-D718-4030-B900-FCF3920D057D}.Release|x64.Deploy.0 = Release|Any CPU
		{707DCC92-D718-4030-B900-FCF3920D057D}.Release|x86.ActiveCfg = Release|Any CPU
		{707DCC92-D718-4030-B900-FCF3920D057D}.Release|x86.Build.0 = Release|Any CPU
		{707DCC92-D718-4030-B900-FCF3920D057D}.Release|x86.Deploy.0 = Release|Any CPU
		{7B9D6E71-E853-47DF-9B69-1DEFE5C2E433}.Debug|Any CPU.ActiveCfg = Debug|iPhone
		{7B9D6E71-E853-47DF-9B69-1DEFE5C2E433}.Debug|Any CPU.Build.0 = Debug|iPhone
		{7B9D6E71-E853-47DF-9B69-1DEFE5C2E433}.Debug|Any CPU.Deploy.0 = Debug|iPhone
		{7B9D6E71-E853-47DF-9B69-1DEFE5C2E433}.Debug|ARM.ActiveCfg = Debug|iPhone
		{7B9D6E71-E853-47DF-9B69-1DEFE5C2E433}.Debug|ARM.Build.0 = Debug|iPhone
		{7B9D6E71-E853-47DF-9B69-1DEFE5C2E433}.Debug|ARM.Deploy.0 = Debug|iPhone
		{7B9D6E71-E853-47DF-9B69-1DEFE5C2E433}.Debug|iPhone.ActiveCfg = Debug|iPhone
		{7B9D6E71-E853-47DF-9B69-1DEFE5C2E433}.Debug|iPhone.Build.0 = Debug|iPhone
		{7B9D6E71-E853-47DF-9B69-1DEFE5C2E433}.Debug|iPhone.Deploy.0 = Debug|iPhone
		{7B9D6E71-E853-47DF-9B69-1DEFE5C2E433}.Debug|iPhoneSimulator.ActiveCfg = Debug|iPhoneSimulator
		{7B9D6E71-E853-47DF-9B69-1DEFE5C2E433}.Debug|iPhoneSimulator.Build.0 = Debug|iPhoneSimulator
		{7B9D6E71-E853-47DF-9B69-1DEFE5C2E433}.Debug|iPhoneSimulator.Deploy.0 = Debug|iPhoneSimulator
		{7B9D6E71-E853-47DF-9B69-1DEFE5C2E433}.Debug|x64.ActiveCfg = Debug|iPhone
		{7B9D6E71-E853-47DF-9B69-1DEFE5C2E433}.Debug|x64.Build.0 = Debug|iPhone
		{7B9D6E71-E853-47DF-9B69-1DEFE5C2E433}.Debug|x64.Deploy.0 = Debug|iPhone
		{7B9D6E71-E853-47DF-9B69-1DEFE5C2E433}.Debug|x86.ActiveCfg = Debug|iPhone
		{7B9D6E71-E853-47DF-9B69-1DEFE5C2E433}.Debug|x86.Build.0 = Debug|iPhone
		{7B9D6E71-E853-47DF-9B69-1DEFE5C2E433}.Debug|x86.Deploy.0 = Debug|iPhone
		{7B9D6E71-E853-47DF-9B69-1DEFE5C2E433}.Release|Any CPU.ActiveCfg = Release|iPhone
		{7B9D6E71-E853-47DF-9B69-1DEFE5C2E433}.Release|Any CPU.Build.0 = Release|iPhone
		{7B9D6E71-E853-47DF-9B69-1DEFE5C2E433}.Release|Any CPU.Deploy.0 = Release|iPhone
		{7B9D6E71-E853-47DF-9B69-1DEFE5C2E433}.Release|ARM.ActiveCfg = Release|iPhone
		{7B9D6E71-E853-47DF-9B69-1DEFE5C2E433}.Release|ARM.Build.0 = Release|iPhone
		{7B9D6E71-E853-47DF-9B69-1DEFE5C2E433}.Release|ARM.Deploy.0 = Release|iPhone
		{7B9D6E71-E853-47DF-9B69-1DEFE5C2E433}.Release|iPhone.ActiveCfg = Release|iPhone
		{7B9D6E71-E853-47DF-9B69-1DEFE5C2E433}.Release|iPhone.Build.0 = Release|iPhone
		{7B9D6E71-E853-47DF-9B69-1DEFE5C2E433}.Release|iPhone.Deploy.0 = Release|iPhone
		{7B9D6E71-E853-47DF-9B69-1DEFE5C2E433}.Release|iPhoneSimulator.ActiveCfg = Release|iPhoneSimulator
		{7B9D6E71-E853-47DF-9B69-1DEFE5C2E433}.Release|iPhoneSimulator.Build.0 = Release|iPhoneSimulator
		{7B9D6E71-E853-47DF-9B69-1DEFE5C2E433}.Release|iPhoneSimulator.Deploy.0 = Release|iPhoneSimulator
		{7B9D6E71-E853-47DF-9B69-1DEFE5C2E433}.Release|x64.ActiveCfg = Release|iPhone
		{7B9D6E71-E853-47DF-9B69-1DEFE5C2E433}.Release|x64.Build.0 = Release|iPhone
		{7B9D6E71-E853-47DF-9B69-1DEFE5C2E433}.Release|x64.Deploy.0 = Release|iPhone
		{7B9D6E71-E853-47DF-9B69-1DEFE5C2E433}.Release|x86.ActiveCfg = Release|iPhone
		{7B9D6E71-E853-47DF-9B69-1DEFE5C2E433}.Release|x86.Build.0 = Release|iPhone
		{7B9D6E71-E853-47DF-9B69-1DEFE5C2E433}.Release|x86.Deploy.0 = Release|iPhone
		{1962F2AF-9638-476B-96D6-499D893F44CA}.Debug|Any CPU.ActiveCfg = Debug|Any CPU
		{1962F2AF-9638-476B-96D6-499D893F44CA}.Debug|Any CPU.Build.0 = Debug|Any CPU
		{1962F2AF-9638-476B-96D6-499D893F44CA}.Debug|Any CPU.Deploy.0 = Debug|Any CPU
		{1962F2AF-9638-476B-96D6-499D893F44CA}.Debug|ARM.ActiveCfg = Debug|Any CPU
		{1962F2AF-9638-476B-96D6-499D893F44CA}.Debug|ARM.Build.0 = Debug|Any CPU
		{1962F2AF-9638-476B-96D6-499D893F44CA}.Debug|ARM.Deploy.0 = Debug|Any CPU
		{1962F2AF-9638-476B-96D6-499D893F44CA}.Debug|iPhone.ActiveCfg = Debug|Any CPU
		{1962F2AF-9638-476B-96D6-499D893F44CA}.Debug|iPhone.Build.0 = Debug|Any CPU
		{1962F2AF-9638-476B-96D6-499D893F44CA}.Debug|iPhone.Deploy.0 = Debug|Any CPU
		{1962F2AF-9638-476B-96D6-499D893F44CA}.Debug|iPhoneSimulator.ActiveCfg = Debug|Any CPU
		{1962F2AF-9638-476B-96D6-499D893F44CA}.Debug|iPhoneSimulator.Build.0 = Debug|Any CPU
		{1962F2AF-9638-476B-96D6-499D893F44CA}.Debug|iPhoneSimulator.Deploy.0 = Debug|Any CPU
		{1962F2AF-9638-476B-96D6-499D893F44CA}.Debug|x64.ActiveCfg = Debug|Any CPU
		{1962F2AF-9638-476B-96D6-499D893F44CA}.Debug|x64.Build.0 = Debug|Any CPU
		{1962F2AF-9638-476B-96D6-499D893F44CA}.Debug|x64.Deploy.0 = Debug|Any CPU
		{1962F2AF-9638-476B-96D6-499D893F44CA}.Debug|x86.ActiveCfg = Debug|Any CPU
		{1962F2AF-9638-476B-96D6-499D893F44CA}.Debug|x86.Build.0 = Debug|Any CPU
		{1962F2AF-9638-476B-96D6-499D893F44CA}.Debug|x86.Deploy.0 = Debug|Any CPU
		{1962F2AF-9638-476B-96D6-499D893F44CA}.Release|Any CPU.ActiveCfg = Release|Any CPU
		{1962F2AF-9638-476B-96D6-499D893F44CA}.Release|Any CPU.Build.0 = Release|Any CPU
		{1962F2AF-9638-476B-96D6-499D893F44CA}.Release|Any CPU.Deploy.0 = Release|Any CPU
		{1962F2AF-9638-476B-96D6-499D893F44CA}.Release|ARM.ActiveCfg = Release|Any CPU
		{1962F2AF-9638-476B-96D6-499D893F44CA}.Release|ARM.Build.0 = Release|Any CPU
		{1962F2AF-9638-476B-96D6-499D893F44CA}.Release|ARM.Deploy.0 = Release|Any CPU
		{1962F2AF-9638-476B-96D6-499D893F44CA}.Release|iPhone.ActiveCfg = Release|Any CPU
		{1962F2AF-9638-476B-96D6-499D893F44CA}.Release|iPhone.Build.0 = Release|Any CPU
		{1962F2AF-9638-476B-96D6-499D893F44CA}.Release|iPhone.Deploy.0 = Release|Any CPU
		{1962F2AF-9638-476B-96D6-499D893F44CA}.Release|iPhoneSimulator.ActiveCfg = Release|Any CPU
		{1962F2AF-9638-476B-96D6-499D893F44CA}.Release|iPhoneSimulator.Build.0 = Release|Any CPU
		{1962F2AF-9638-476B-96D6-499D893F44CA}.Release|iPhoneSimulator.Deploy.0 = Release|Any CPU
		{1962F2AF-9638-476B-96D6-499D893F44CA}.Release|x64.ActiveCfg = Release|Any CPU
		{1962F2AF-9638-476B-96D6-499D893F44CA}.Release|x64.Build.0 = Release|Any CPU
		{1962F2AF-9638-476B-96D6-499D893F44CA}.Release|x64.Deploy.0 = Release|Any CPU
		{1962F2AF-9638-476B-96D6-499D893F44CA}.Release|x86.ActiveCfg = Release|Any CPU
		{1962F2AF-9638-476B-96D6-499D893F44CA}.Release|x86.Build.0 = Release|Any CPU
		{1962F2AF-9638-476B-96D6-499D893F44CA}.Release|x86.Deploy.0 = Release|Any CPU
	EndGlobalSection
	GlobalSection(SolutionProperties) = preSolution
		HideSolutionNode = FALSE
	EndGlobalSection
	GlobalSection(ExtensibilityGlobals) = postSolution
		SolutionGuid = {FEC44DA6-DBA5-450C-8ED1-7DC5B5D165EC}
	EndGlobalSection
EndGlobal
